{
  "version": 1,
  "dependencies": {
    "net10.0": {
      "MediaBrowser.Server.Core": {
        "type": "Direct",
        "requested": "[4.9.1.80, )",
        "resolved": "4.9.1.80",
        "contentHash": "x+KpfUN0e1Ovd1KpmsbU2qFDXKMWlN29OFxqqMMNJV56yOtMhPHxGUNSZi67ldbrCbGmGikwbSwmdCrooNIh2Q==",
        "dependencies": {
          "MediaBrowser.Common": "4.9.1.80"
        }
      },
      "MediaBrowser.Common": {
        "type": "Transitive",
        "resolved": "4.9.1.80",
        "contentHash": "fs7GOuzEjKDxKLdwgRheBKVE3FKyvrVp/0P/+651aWFgC5d3WOTmydnU18YlDZ56jVo7U5kLlwo6xnUOm93uBQ=="
      },
      "Emby.Plugin.Fernsehserien": {
        "type": "Project"
      }
    }
  }
}